
Microsoft Visual Studio Solution File, Format Version 12.00
# Visual Studio 14
VisualStudioVersion = 14.0.24720.0
MinimumVisualStudioVersion = 10.0.40219.1
Project("{FAE04EC0-301F-11D3-BF4B-00C04F79EFBC}") = "NFLRESTAPI", "NFLRESTAPI\NFLRESTAPI.csproj", "{0BAD1BE1-29A3-440C-9674-644D740FABF1}"
	ProjectSection(ProjectDependencies) = postProject
		{7CBB351E-9BAF-4B16-AAFB-44FA0FC9F69A} = {7CBB351E-9BAF-4B16-AAFB-44FA0FC9F69A}
		{0F761925-F7EC-4012-A793-BD4F6282F722} = {0F761925-F7EC-4012-A793-BD4F6282F722}
	EndProjectSection
EndProject
Project("{FAE04EC0-301F-11D3-BF4B-00C04F79EFBC}") = "NFLBLL", "NFLBLL\NFLBLL.csproj", "{7CBB351E-9BAF-4B16-AAFB-44FA0FC9F69A}"
	ProjectSection(ProjectDependencies) = postProject
		{0F761925-F7EC-4012-A793-BD4F6282F722} = {0F761925-F7EC-4012-A793-BD4F6282F722}
	EndProjectSection
EndProject
Project("{FAE04EC0-301F-11D3-BF4B-00C04F79EFBC}") = "NFLDAL", "NFLDAL\NFLDAL.csproj", "{0F761925-F7EC-4012-A793-BD4F6282F722}"
EndProject
Project("{00D1A9C2-B5F0-4AF3-8072-F6C62B433612}") = "NFLDB", "NFLDB\NFLDB.sqlproj", "{C17F508B-BA38-4EE8-A0C1-1AB52F169ECD}"
EndProject
Project("{FAE04EC0-301F-11D3-BF4B-00C04F79EFBC}") = "ParseJsonData", "ParseJsonData\ParseJsonData.csproj", "{471A3C55-C22A-46FF-B8F6-10A133F35498}"
EndProject
Project("{FAE04EC0-301F-11D3-BF4B-00C04F79EFBC}") = "NFLEF", "NFLEF\NFLEF.csproj", "{E0715143-FCA2-4311-97FE-E169EFC79564}"
EndProject
Project("{FAE04EC0-301F-11D3-BF4B-00C04F79EFBC}") = "NFLDAL.Test", "NFLDAL.Test\NFLDAL.Test.csproj", "{75250AB7-A889-46D3-87A0-D79E3E47C7AF}"
EndProject
Global
	GlobalSection(SolutionConfigurationPlatforms) = preSolution
		Debug|Any CPU = Debug|Any CPU
		Release|Any CPU = Release|Any CPU
	EndGlobalSection
	GlobalSection(ProjectConfigurationPlatforms) = postSolution
		{0BAD1BE1-29A3-440C-9674-644D740FABF1}.Debug|Any CPU.ActiveCfg = Debug|Any CPU
		{0BAD1BE1-29A3-440C-9674-644D740FABF1}.Debug|Any CPU.Build.0 = Debug|Any CPU
		{0BAD1BE1-29A3-440C-9674-644D740FABF1}.Release|Any CPU.ActiveCfg = Release|Any CPU
		{0BAD1BE1-29A3-440C-9674-644D740FABF1}.Release|Any CPU.Build.0 = Release|Any CPU
		{7CBB351E-9BAF-4B16-AAFB-44FA0FC9F69A}.Debug|Any CPU.ActiveCfg = Debug|Any CPU
		{7CBB351E-9BAF-4B16-AAFB-44FA0FC9F69A}.Debug|Any CPU.Build.0 = Debug|Any CPU
		{7CBB351E-9BAF-4B16-AAFB-44FA0FC9F69A}.Release|Any CPU.ActiveCfg = Release|Any CPU
		{7CBB351E-9BAF-4B16-AAFB-44FA0FC9F69A}.Release|Any CPU.Build.0 = Release|Any CPU
		{0F761925-F7EC-4012-A793-BD4F6282F722}.Debug|Any CPU.ActiveCfg = Debug|Any CPU
		{0F761925-F7EC-4012-A793-BD4F6282F722}.Debug|Any CPU.Build.0 = Debug|Any CPU
		{0F761925-F7EC-4012-A793-BD4F6282F722}.Release|Any CPU.ActiveCfg = Release|Any CPU
		{0F761925-F7EC-4012-A793-BD4F6282F722}.Release|Any CPU.Build.0 = Release|Any CPU
		{C17F508B-BA38-4EE8-A0C1-1AB52F169ECD}.Debug|Any CPU.ActiveCfg = Debug|Any CPU
		{C17F508B-BA38-4EE8-A0C1-1AB52F169ECD}.Debug|Any CPU.Build.0 = Debug|Any CPU
		{C17F508B-BA38-4EE8-A0C1-1AB52F169ECD}.Debug|Any CPU.Deploy.0 = Debug|Any CPU
		{C17F508B-BA38-4EE8-A0C1-1AB52F169ECD}.Release|Any CPU.ActiveCfg = Release|Any CPU
		{C17F508B-BA38-4EE8-A0C1-1AB52F169ECD}.Release|Any CPU.Build.0 = Release|Any CPU
		{C17F508B-BA38-4EE8-A0C1-1AB52F169ECD}.Release|Any CPU.Deploy.0 = Release|Any CPU
		{471A3C55-C22A-46FF-B8F6-10A133F35498}.Debug|Any CPU.ActiveCfg = Debug|Any CPU
		{471A3C55-C22A-46FF-B8F6-10A133F35498}.Debug|Any CPU.Build.0 = Debug|Any CPU
		{471A3C55-C22A-46FF-B8F6-10A133F35498}.Release|Any CPU.ActiveCfg = Release|Any CPU
		{471A3C55-C22A-46FF-B8F6-10A133F35498}.Release|Any CPU.Build.0 = Release|Any CPU
		{E0715143-FCA2-4311-97FE-E169EFC79564}.Debug|Any CPU.ActiveCfg = Debug|Any CPU
		{E0715143-FCA2-4311-97FE-E169EFC79564}.Debug|Any CPU.Build.0 = Debug|Any CPU
		{E0715143-FCA2-4311-97FE-E169EFC79564}.Release|Any CPU.ActiveCfg = Release|Any CPU
		{E0715143-FCA2-4311-97FE-E169EFC79564}.Release|Any CPU.Build.0 = Release|Any CPU
		{75250AB7-A889-46D3-87A0-D79E3E47C7AF}.Debug|Any CPU.ActiveCfg = Debug|Any CPU
		{75250AB7-A889-46D3-87A0-D79E3E47C7AF}.Debug|Any CPU.Build.0 = Debug|Any CPU
		{75250AB7-A889-46D3-87A0-D79E3E47C7AF}.Release|Any CPU.ActiveCfg = Release|Any CPU
		{75250AB7-A889-46D3-87A0-D79E3E47C7AF}.Release|Any CPU.Build.0 = Release|Any CPU
	EndGlobalSection
	GlobalSection(SolutionProperties) = preSolution
		HideSolutionNode = FALSE
	EndGlobalSection
EndGlobal
