
Microsoft Visual Studio Solution File, Format Version 12.00
# Visual Studio 14
VisualStudioVersion = 14.0.24720.0
MinimumVisualStudioVersion = 10.0.40219.1
Project("{FAE04EC0-301F-11D3-BF4B-00C04F79EFBC}") = "NFLRESTAPI", "NFLRESTAPI\NFLRESTAPI.csproj", "{0BAD1BE1-29A3-440C-9674-644D740FABF1}"
	ProjectSection(ProjectDependencies) = postProject
		{7CBB351E-9BAF-4B16-AAFB-44FA0FC9F69A} = {7CBB351E-9BAF-4B16-AAFB-44FA0FC9F69A}
		{0F761925-F7EC-4012-A793-BD4F6282F722} = {0F761925-F7EC-4012-A793-BD4F6282F722}
	EndProjectSection
EndProject
Project("{FAE04EC0-301F-11D3-BF4B-00C04F79EFBC}") = "NFLBLL", "NFLBLL\NFLBLL.csproj", "{7CBB351E-9BAF-4B16-AAFB-44FA0FC9F69A}"
	ProjectSection(ProjectDependencies) = postProject
		{0F761925-F7EC-4012-A793-BD4F6282F722} = {0F761925-F7EC-4012-A793-BD4F6282F722}
	EndProjectSection
EndProject
Project("{FAE04EC0-301F-11D3-BF4B-00C04F79EFBC}") = "NFLDAL", "NFLDAL\NFLDAL.csproj", "{0F761925-F7EC-4012-A793-BD4F6282F722}"
EndProject
Project("{00D1A9C2-B5F0-4AF3-8072-F6C62B433612}") = "NFLDB", "NFLDB\NFLDB.sqlproj", "{C17F508B-BA38-4EE8-A0C1-1AB52F169ECD}"
EndProject
Project("{FAE04EC0-301F-11D3-BF4B-00C04F79EFBC}") = "ParseJsonData", "ParseJsonData\ParseJsonData.csproj", "{471A3C55-C22A-46FF-B8F6-10A133F35498}"
EndProject
Project("{FAE04EC0-301F-11D3-BF4B-00C04F79EFBC}") = "NFLDAL.Test", "NFLDAL.Test\NFLDAL.Test.csproj", "{75250AB7-A889-46D3-87A0-D79E3E47C7AF}"
EndProject
Project("{FAE04EC0-301F-11D3-BF4B-00C04F79EFBC}") = "NFLDALEF", "NFLDALEF\NFLDALEF.csproj", "{E17900CE-11F3-4529-B65A-C6F7284B3B3B}"
EndProject
Project("{FAE04EC0-301F-11D3-BF4B-00C04F79EFBC}") = "NFLCommon", "NFLCommon\NFLCommon.csproj", "{61ABCC46-648A-4440-9404-575B8B830521}"
EndProject
Project("{FAE04EC0-301F-11D3-BF4B-00C04F79EFBC}") = "NFLMVC", "NFLMVC\NFLMVC.csproj", "{3AB7457B-3C5C-443E-BB0F-555C832F72FD}"
EndProject
Project("{FAE04EC0-301F-11D3-BF4B-00C04F79EFBC}") = "NFLDALEF.Test", "NFLDALEF.Test\NFLDALEF.Test.csproj", "{81092A14-4A31-4D1B-A2C0-E42E49FDA836}"
EndProject
Global
	GlobalSection(SolutionConfigurationPlatforms) = preSolution
		Ad-Hoc|Any CPU = Ad-Hoc|Any CPU
		Ad-Hoc|iPhone = Ad-Hoc|iPhone
		Ad-Hoc|iPhoneSimulator = Ad-Hoc|iPhoneSimulator
		AppStore|Any CPU = AppStore|Any CPU
		AppStore|iPhone = AppStore|iPhone
		AppStore|iPhoneSimulator = AppStore|iPhoneSimulator
		Debug|Any CPU = Debug|Any CPU
		Debug|iPhone = Debug|iPhone
		Debug|iPhoneSimulator = Debug|iPhoneSimulator
		Release|Any CPU = Release|Any CPU
		Release|iPhone = Release|iPhone
		Release|iPhoneSimulator = Release|iPhoneSimulator
	EndGlobalSection
	GlobalSection(ProjectConfigurationPlatforms) = postSolution
		{0BAD1BE1-29A3-440C-9674-644D740FABF1}.Ad-Hoc|Any CPU.ActiveCfg = Release|Any CPU
		{0BAD1BE1-29A3-440C-9674-644D740FABF1}.Ad-Hoc|Any CPU.Build.0 = Release|Any CPU
		{0BAD1BE1-29A3-440C-9674-644D740FABF1}.Ad-Hoc|iPhone.ActiveCfg = Release|Any CPU
		{0BAD1BE1-29A3-440C-9674-644D740FABF1}.Ad-Hoc|iPhone.Build.0 = Release|Any CPU
		{0BAD1BE1-29A3-440C-9674-644D740FABF1}.Ad-Hoc|iPhoneSimulator.ActiveCfg = Release|Any CPU
		{0BAD1BE1-29A3-440C-9674-644D740FABF1}.Ad-Hoc|iPhoneSimulator.Build.0 = Release|Any CPU
		{0BAD1BE1-29A3-440C-9674-644D740FABF1}.AppStore|Any CPU.ActiveCfg = Release|Any CPU
		{0BAD1BE1-29A3-440C-9674-644D740FABF1}.AppStore|Any CPU.Build.0 = Release|Any CPU
		{0BAD1BE1-29A3-440C-9674-644D740FABF1}.AppStore|iPhone.ActiveCfg = Release|Any CPU
		{0BAD1BE1-29A3-440C-9674-644D740FABF1}.AppStore|iPhone.Build.0 = Release|Any CPU
		{0BAD1BE1-29A3-440C-9674-644D740FABF1}.AppStore|iPhoneSimulator.ActiveCfg = Release|Any CPU
		{0BAD1BE1-29A3-440C-9674-644D740FABF1}.AppStore|iPhoneSimulator.Build.0 = Release|Any CPU
		{0BAD1BE1-29A3-440C-9674-644D740FABF1}.Debug|Any CPU.ActiveCfg = Debug|Any CPU
		{0BAD1BE1-29A3-440C-9674-644D740FABF1}.Debug|Any CPU.Build.0 = Debug|Any CPU
		{0BAD1BE1-29A3-440C-9674-644D740FABF1}.Debug|iPhone.ActiveCfg = Debug|Any CPU
		{0BAD1BE1-29A3-440C-9674-644D740FABF1}.Debug|iPhone.Build.0 = Debug|Any CPU
		{0BAD1BE1-29A3-440C-9674-644D740FABF1}.Debug|iPhoneSimulator.ActiveCfg = Debug|Any CPU
		{0BAD1BE1-29A3-440C-9674-644D740FABF1}.Debug|iPhoneSimulator.Build.0 = Debug|Any CPU
		{0BAD1BE1-29A3-440C-9674-644D740FABF1}.Release|Any CPU.ActiveCfg = Release|Any CPU
		{0BAD1BE1-29A3-440C-9674-644D740FABF1}.Release|Any CPU.Build.0 = Release|Any CPU
		{0BAD1BE1-29A3-440C-9674-644D740FABF1}.Release|iPhone.ActiveCfg = Release|Any CPU
		{0BAD1BE1-29A3-440C-9674-644D740FABF1}.Release|iPhone.Build.0 = Release|Any CPU
		{0BAD1BE1-29A3-440C-9674-644D740FABF1}.Release|iPhoneSimulator.ActiveCfg = Release|Any CPU
		{0BAD1BE1-29A3-440C-9674-644D740FABF1}.Release|iPhoneSimulator.Build.0 = Release|Any CPU
		{7CBB351E-9BAF-4B16-AAFB-44FA0FC9F69A}.Ad-Hoc|Any CPU.ActiveCfg = Release|Any CPU
		{7CBB351E-9BAF-4B16-AAFB-44FA0FC9F69A}.Ad-Hoc|Any CPU.Build.0 = Release|Any CPU
		{7CBB351E-9BAF-4B16-AAFB-44FA0FC9F69A}.Ad-Hoc|iPhone.ActiveCfg = Release|Any CPU
		{7CBB351E-9BAF-4B16-AAFB-44FA0FC9F69A}.Ad-Hoc|iPhone.Build.0 = Release|Any CPU
		{7CBB351E-9BAF-4B16-AAFB-44FA0FC9F69A}.Ad-Hoc|iPhoneSimulator.ActiveCfg = Release|Any CPU
		{7CBB351E-9BAF-4B16-AAFB-44FA0FC9F69A}.Ad-Hoc|iPhoneSimulator.Build.0 = Release|Any CPU
		{7CBB351E-9BAF-4B16-AAFB-44FA0FC9F69A}.AppStore|Any CPU.ActiveCfg = Release|Any CPU
		{7CBB351E-9BAF-4B16-AAFB-44FA0FC9F69A}.AppStore|Any CPU.Build.0 = Release|Any CPU
		{7CBB351E-9BAF-4B16-AAFB-44FA0FC9F69A}.AppStore|iPhone.ActiveCfg = Release|Any CPU
		{7CBB351E-9BAF-4B16-AAFB-44FA0FC9F69A}.AppStore|iPhone.Build.0 = Release|Any CPU
		{7CBB351E-9BAF-4B16-AAFB-44FA0FC9F69A}.AppStore|iPhoneSimulator.ActiveCfg = Release|Any CPU
		{7CBB351E-9BAF-4B16-AAFB-44FA0FC9F69A}.AppStore|iPhoneSimulator.Build.0 = Release|Any CPU
		{7CBB351E-9BAF-4B16-AAFB-44FA0FC9F69A}.Debug|Any CPU.ActiveCfg = Debug|Any CPU
		{7CBB351E-9BAF-4B16-AAFB-44FA0FC9F69A}.Debug|Any CPU.Build.0 = Debug|Any CPU
		{7CBB351E-9BAF-4B16-AAFB-44FA0FC9F69A}.Debug|iPhone.ActiveCfg = Debug|Any CPU
		{7CBB351E-9BAF-4B16-AAFB-44FA0FC9F69A}.Debug|iPhone.Build.0 = Debug|Any CPU
		{7CBB351E-9BAF-4B16-AAFB-44FA0FC9F69A}.Debug|iPhoneSimulator.ActiveCfg = Debug|Any CPU
		{7CBB351E-9BAF-4B16-AAFB-44FA0FC9F69A}.Debug|iPhoneSimulator.Build.0 = Debug|Any CPU
		{7CBB351E-9BAF-4B16-AAFB-44FA0FC9F69A}.Release|Any CPU.ActiveCfg = Release|Any CPU
		{7CBB351E-9BAF-4B16-AAFB-44FA0FC9F69A}.Release|Any CPU.Build.0 = Release|Any CPU
		{7CBB351E-9BAF-4B16-AAFB-44FA0FC9F69A}.Release|iPhone.ActiveCfg = Release|Any CPU
		{7CBB351E-9BAF-4B16-AAFB-44FA0FC9F69A}.Release|iPhone.Build.0 = Release|Any CPU
		{7CBB351E-9BAF-4B16-AAFB-44FA0FC9F69A}.Release|iPhoneSimulator.ActiveCfg = Release|Any CPU
		{7CBB351E-9BAF-4B16-AAFB-44FA0FC9F69A}.Release|iPhoneSimulator.Build.0 = Release|Any CPU
		{0F761925-F7EC-4012-A793-BD4F6282F722}.Ad-Hoc|Any CPU.ActiveCfg = Release|Any CPU
		{0F761925-F7EC-4012-A793-BD4F6282F722}.Ad-Hoc|iPhone.ActiveCfg = Release|Any CPU
		{0F761925-F7EC-4012-A793-BD4F6282F722}.Ad-Hoc|iPhoneSimulator.ActiveCfg = Release|Any CPU
		{0F761925-F7EC-4012-A793-BD4F6282F722}.AppStore|Any CPU.ActiveCfg = Release|Any CPU
		{0F761925-F7EC-4012-A793-BD4F6282F722}.AppStore|iPhone.ActiveCfg = Release|Any CPU
		{0F761925-F7EC-4012-A793-BD4F6282F722}.AppStore|iPhoneSimulator.ActiveCfg = Release|Any CPU
		{0F761925-F7EC-4012-A793-BD4F6282F722}.Debug|Any CPU.ActiveCfg = Debug|Any CPU
		{0F761925-F7EC-4012-A793-BD4F6282F722}.Debug|Any CPU.Build.0 = Debug|Any CPU
		{0F761925-F7EC-4012-A793-BD4F6282F722}.Debug|iPhone.ActiveCfg = Debug|Any CPU
		{0F761925-F7EC-4012-A793-BD4F6282F722}.Debug|iPhoneSimulator.ActiveCfg = Debug|Any CPU
		{0F761925-F7EC-4012-A793-BD4F6282F722}.Release|Any CPU.ActiveCfg = Release|Any CPU
		{0F761925-F7EC-4012-A793-BD4F6282F722}.Release|Any CPU.Build.0 = Release|Any CPU
		{0F761925-F7EC-4012-A793-BD4F6282F722}.Release|iPhone.ActiveCfg = Release|Any CPU
		{0F761925-F7EC-4012-A793-BD4F6282F722}.Release|iPhoneSimulator.ActiveCfg = Release|Any CPU
		{C17F508B-BA38-4EE8-A0C1-1AB52F169ECD}.Ad-Hoc|Any CPU.ActiveCfg = Release|Any CPU
		{C17F508B-BA38-4EE8-A0C1-1AB52F169ECD}.Ad-Hoc|Any CPU.Build.0 = Release|Any CPU
		{C17F508B-BA38-4EE8-A0C1-1AB52F169ECD}.Ad-Hoc|Any CPU.Deploy.0 = Release|Any CPU
		{C17F508B-BA38-4EE8-A0C1-1AB52F169ECD}.Ad-Hoc|iPhone.ActiveCfg = Release|Any CPU
		{C17F508B-BA38-4EE8-A0C1-1AB52F169ECD}.Ad-Hoc|iPhone.Build.0 = Release|Any CPU
		{C17F508B-BA38-4EE8-A0C1-1AB52F169ECD}.Ad-Hoc|iPhone.Deploy.0 = Release|Any CPU
		{C17F508B-BA38-4EE8-A0C1-1AB52F169ECD}.Ad-Hoc|iPhoneSimulator.ActiveCfg = Release|Any CPU
		{C17F508B-BA38-4EE8-A0C1-1AB52F169ECD}.Ad-Hoc|iPhoneSimulator.Build.0 = Release|Any CPU
		{C17F508B-BA38-4EE8-A0C1-1AB52F169ECD}.Ad-Hoc|iPhoneSimulator.Deploy.0 = Release|Any CPU
		{C17F508B-BA38-4EE8-A0C1-1AB52F169ECD}.AppStore|Any CPU.ActiveCfg = Release|Any CPU
		{C17F508B-BA38-4EE8-A0C1-1AB52F169ECD}.AppStore|Any CPU.Build.0 = Release|Any CPU
		{C17F508B-BA38-4EE8-A0C1-1AB52F169ECD}.AppStore|Any CPU.Deploy.0 = Release|Any CPU
		{C17F508B-BA38-4EE8-A0C1-1AB52F169ECD}.AppStore|iPhone.ActiveCfg = Release|Any CPU
		{C17F508B-BA38-4EE8-A0C1-1AB52F169ECD}.AppStore|iPhone.Build.0 = Release|Any CPU
		{C17F508B-BA38-4EE8-A0C1-1AB52F169ECD}.AppStore|iPhone.Deploy.0 = Release|Any CPU
		{C17F508B-BA38-4EE8-A0C1-1AB52F169ECD}.AppStore|iPhoneSimulator.ActiveCfg = Release|Any CPU
		{C17F508B-BA38-4EE8-A0C1-1AB52F169ECD}.AppStore|iPhoneSimulator.Build.0 = Release|Any CPU
		{C17F508B-BA38-4EE8-A0C1-1AB52F169ECD}.AppStore|iPhoneSimulator.Deploy.0 = Release|Any CPU
		{C17F508B-BA38-4EE8-A0C1-1AB52F169ECD}.Debug|Any CPU.ActiveCfg = Debug|Any CPU
		{C17F508B-BA38-4EE8-A0C1-1AB52F169ECD}.Debug|Any CPU.Build.0 = Debug|Any CPU
		{C17F508B-BA38-4EE8-A0C1-1AB52F169ECD}.Debug|Any CPU.Deploy.0 = Debug|Any CPU
		{C17F508B-BA38-4EE8-A0C1-1AB52F169ECD}.Debug|iPhone.ActiveCfg = Debug|Any CPU
		{C17F508B-BA38-4EE8-A0C1-1AB52F169ECD}.Debug|iPhone.Build.0 = Debug|Any CPU
		{C17F508B-BA38-4EE8-A0C1-1AB52F169ECD}.Debug|iPhone.Deploy.0 = Debug|Any CPU
		{C17F508B-BA38-4EE8-A0C1-1AB52F169ECD}.Debug|iPhoneSimulator.ActiveCfg = Debug|Any CPU
		{C17F508B-BA38-4EE8-A0C1-1AB52F169ECD}.Debug|iPhoneSimulator.Build.0 = Debug|Any CPU
		{C17F508B-BA38-4EE8-A0C1-1AB52F169ECD}.Debug|iPhoneSimulator.Deploy.0 = Debug|Any CPU
		{C17F508B-BA38-4EE8-A0C1-1AB52F169ECD}.Release|Any CPU.ActiveCfg = Release|Any CPU
		{C17F508B-BA38-4EE8-A0C1-1AB52F169ECD}.Release|Any CPU.Build.0 = Release|Any CPU
		{C17F508B-BA38-4EE8-A0C1-1AB52F169ECD}.Release|Any CPU.Deploy.0 = Release|Any CPU
		{C17F508B-BA38-4EE8-A0C1-1AB52F169ECD}.Release|iPhone.ActiveCfg = Release|Any CPU
		{C17F508B-BA38-4EE8-A0C1-1AB52F169ECD}.Release|iPhone.Build.0 = Release|Any CPU
		{C17F508B-BA38-4EE8-A0C1-1AB52F169ECD}.Release|iPhone.Deploy.0 = Release|Any CPU
		{C17F508B-BA38-4EE8-A0C1-1AB52F169ECD}.Release|iPhoneSimulator.ActiveCfg = Release|Any CPU
		{C17F508B-BA38-4EE8-A0C1-1AB52F169ECD}.Release|iPhoneSimulator.Build.0 = Release|Any CPU
		{C17F508B-BA38-4EE8-A0C1-1AB52F169ECD}.Release|iPhoneSimulator.Deploy.0 = Release|Any CPU
		{471A3C55-C22A-46FF-B8F6-10A133F35498}.Ad-Hoc|Any CPU.ActiveCfg = Release|Any CPU
		{471A3C55-C22A-46FF-B8F6-10A133F35498}.Ad-Hoc|Any CPU.Build.0 = Release|Any CPU
		{471A3C55-C22A-46FF-B8F6-10A133F35498}.Ad-Hoc|iPhone.ActiveCfg = Release|Any CPU
		{471A3C55-C22A-46FF-B8F6-10A133F35498}.Ad-Hoc|iPhone.Build.0 = Release|Any CPU
		{471A3C55-C22A-46FF-B8F6-10A133F35498}.Ad-Hoc|iPhoneSimulator.ActiveCfg = Release|Any CPU
		{471A3C55-C22A-46FF-B8F6-10A133F35498}.Ad-Hoc|iPhoneSimulator.Build.0 = Release|Any CPU
		{471A3C55-C22A-46FF-B8F6-10A133F35498}.AppStore|Any CPU.ActiveCfg = Release|Any CPU
		{471A3C55-C22A-46FF-B8F6-10A133F35498}.AppStore|Any CPU.Build.0 = Release|Any CPU
		{471A3C55-C22A-46FF-B8F6-10A133F35498}.AppStore|iPhone.ActiveCfg = Release|Any CPU
		{471A3C55-C22A-46FF-B8F6-10A133F35498}.AppStore|iPhone.Build.0 = Release|Any CPU
		{471A3C55-C22A-46FF-B8F6-10A133F35498}.AppStore|iPhoneSimulator.ActiveCfg = Release|Any CPU
		{471A3C55-C22A-46FF-B8F6-10A133F35498}.AppStore|iPhoneSimulator.Build.0 = Release|Any CPU
		{471A3C55-C22A-46FF-B8F6-10A133F35498}.Debug|Any CPU.ActiveCfg = Debug|Any CPU
		{471A3C55-C22A-46FF-B8F6-10A133F35498}.Debug|Any CPU.Build.0 = Debug|Any CPU
		{471A3C55-C22A-46FF-B8F6-10A133F35498}.Debug|iPhone.ActiveCfg = Debug|Any CPU
		{471A3C55-C22A-46FF-B8F6-10A133F35498}.Debug|iPhone.Build.0 = Debug|Any CPU
		{471A3C55-C22A-46FF-B8F6-10A133F35498}.Debug|iPhoneSimulator.ActiveCfg = Debug|Any CPU
		{471A3C55-C22A-46FF-B8F6-10A133F35498}.Debug|iPhoneSimulator.Build.0 = Debug|Any CPU
		{471A3C55-C22A-46FF-B8F6-10A133F35498}.Release|Any CPU.ActiveCfg = Release|Any CPU
		{471A3C55-C22A-46FF-B8F6-10A133F35498}.Release|Any CPU.Build.0 = Release|Any CPU
		{471A3C55-C22A-46FF-B8F6-10A133F35498}.Release|iPhone.ActiveCfg = Release|Any CPU
		{471A3C55-C22A-46FF-B8F6-10A133F35498}.Release|iPhone.Build.0 = Release|Any CPU
		{471A3C55-C22A-46FF-B8F6-10A133F35498}.Release|iPhoneSimulator.ActiveCfg = Release|Any CPU
		{471A3C55-C22A-46FF-B8F6-10A133F35498}.Release|iPhoneSimulator.Build.0 = Release|Any CPU
		{75250AB7-A889-46D3-87A0-D79E3E47C7AF}.Ad-Hoc|Any CPU.ActiveCfg = Release|Any CPU
		{75250AB7-A889-46D3-87A0-D79E3E47C7AF}.Ad-Hoc|Any CPU.Build.0 = Release|Any CPU
		{75250AB7-A889-46D3-87A0-D79E3E47C7AF}.Ad-Hoc|iPhone.ActiveCfg = Release|Any CPU
		{75250AB7-A889-46D3-87A0-D79E3E47C7AF}.Ad-Hoc|iPhone.Build.0 = Release|Any CPU
		{75250AB7-A889-46D3-87A0-D79E3E47C7AF}.Ad-Hoc|iPhoneSimulator.ActiveCfg = Release|Any CPU
		{75250AB7-A889-46D3-87A0-D79E3E47C7AF}.Ad-Hoc|iPhoneSimulator.Build.0 = Release|Any CPU
		{75250AB7-A889-46D3-87A0-D79E3E47C7AF}.AppStore|Any CPU.ActiveCfg = Release|Any CPU
		{75250AB7-A889-46D3-87A0-D79E3E47C7AF}.AppStore|Any CPU.Build.0 = Release|Any CPU
		{75250AB7-A889-46D3-87A0-D79E3E47C7AF}.AppStore|iPhone.ActiveCfg = Release|Any CPU
		{75250AB7-A889-46D3-87A0-D79E3E47C7AF}.AppStore|iPhone.Build.0 = Release|Any CPU
		{75250AB7-A889-46D3-87A0-D79E3E47C7AF}.AppStore|iPhoneSimulator.ActiveCfg = Release|Any CPU
		{75250AB7-A889-46D3-87A0-D79E3E47C7AF}.AppStore|iPhoneSimulator.Build.0 = Release|Any CPU
		{75250AB7-A889-46D3-87A0-D79E3E47C7AF}.Debug|Any CPU.ActiveCfg = Debug|Any CPU
		{75250AB7-A889-46D3-87A0-D79E3E47C7AF}.Debug|Any CPU.Build.0 = Debug|Any CPU
		{75250AB7-A889-46D3-87A0-D79E3E47C7AF}.Debug|iPhone.ActiveCfg = Debug|Any CPU
		{75250AB7-A889-46D3-87A0-D79E3E47C7AF}.Debug|iPhone.Build.0 = Debug|Any CPU
		{75250AB7-A889-46D3-87A0-D79E3E47C7AF}.Debug|iPhoneSimulator.ActiveCfg = Debug|Any CPU
		{75250AB7-A889-46D3-87A0-D79E3E47C7AF}.Debug|iPhoneSimulator.Build.0 = Debug|Any CPU
		{75250AB7-A889-46D3-87A0-D79E3E47C7AF}.Release|Any CPU.ActiveCfg = Release|Any CPU
		{75250AB7-A889-46D3-87A0-D79E3E47C7AF}.Release|Any CPU.Build.0 = Release|Any CPU
		{75250AB7-A889-46D3-87A0-D79E3E47C7AF}.Release|iPhone.ActiveCfg = Release|Any CPU
		{75250AB7-A889-46D3-87A0-D79E3E47C7AF}.Release|iPhone.Build.0 = Release|Any CPU
		{75250AB7-A889-46D3-87A0-D79E3E47C7AF}.Release|iPhoneSimulator.ActiveCfg = Release|Any CPU
		{75250AB7-A889-46D3-87A0-D79E3E47C7AF}.Release|iPhoneSimulator.Build.0 = Release|Any CPU
		{E17900CE-11F3-4529-B65A-C6F7284B3B3B}.Ad-Hoc|Any CPU.ActiveCfg = Release|Any CPU
		{E17900CE-11F3-4529-B65A-C6F7284B3B3B}.Ad-Hoc|Any CPU.Build.0 = Release|Any CPU
		{E17900CE-11F3-4529-B65A-C6F7284B3B3B}.Ad-Hoc|iPhone.ActiveCfg = Release|Any CPU
		{E17900CE-11F3-4529-B65A-C6F7284B3B3B}.Ad-Hoc|iPhone.Build.0 = Release|Any CPU
		{E17900CE-11F3-4529-B65A-C6F7284B3B3B}.Ad-Hoc|iPhoneSimulator.ActiveCfg = Release|Any CPU
		{E17900CE-11F3-4529-B65A-C6F7284B3B3B}.Ad-Hoc|iPhoneSimulator.Build.0 = Release|Any CPU
		{E17900CE-11F3-4529-B65A-C6F7284B3B3B}.AppStore|Any CPU.ActiveCfg = Release|Any CPU
		{E17900CE-11F3-4529-B65A-C6F7284B3B3B}.AppStore|Any CPU.Build.0 = Release|Any CPU
		{E17900CE-11F3-4529-B65A-C6F7284B3B3B}.AppStore|iPhone.ActiveCfg = Release|Any CPU
		{E17900CE-11F3-4529-B65A-C6F7284B3B3B}.AppStore|iPhone.Build.0 = Release|Any CPU
		{E17900CE-11F3-4529-B65A-C6F7284B3B3B}.AppStore|iPhoneSimulator.ActiveCfg = Release|Any CPU
		{E17900CE-11F3-4529-B65A-C6F7284B3B3B}.AppStore|iPhoneSimulator.Build.0 = Release|Any CPU
		{E17900CE-11F3-4529-B65A-C6F7284B3B3B}.Debug|Any CPU.ActiveCfg = Debug|Any CPU
		{E17900CE-11F3-4529-B65A-C6F7284B3B3B}.Debug|Any CPU.Build.0 = Debug|Any CPU
		{E17900CE-11F3-4529-B65A-C6F7284B3B3B}.Debug|iPhone.ActiveCfg = Debug|Any CPU
		{E17900CE-11F3-4529-B65A-C6F7284B3B3B}.Debug|iPhone.Build.0 = Debug|Any CPU
		{E17900CE-11F3-4529-B65A-C6F7284B3B3B}.Debug|iPhoneSimulator.ActiveCfg = Debug|Any CPU
		{E17900CE-11F3-4529-B65A-C6F7284B3B3B}.Debug|iPhoneSimulator.Build.0 = Debug|Any CPU
		{E17900CE-11F3-4529-B65A-C6F7284B3B3B}.Release|Any CPU.ActiveCfg = Release|Any CPU
		{E17900CE-11F3-4529-B65A-C6F7284B3B3B}.Release|Any CPU.Build.0 = Release|Any CPU
		{E17900CE-11F3-4529-B65A-C6F7284B3B3B}.Release|iPhone.ActiveCfg = Release|Any CPU
		{E17900CE-11F3-4529-B65A-C6F7284B3B3B}.Release|iPhone.Build.0 = Release|Any CPU
		{E17900CE-11F3-4529-B65A-C6F7284B3B3B}.Release|iPhoneSimulator.ActiveCfg = Release|Any CPU
		{E17900CE-11F3-4529-B65A-C6F7284B3B3B}.Release|iPhoneSimulator.Build.0 = Release|Any CPU
		{61ABCC46-648A-4440-9404-575B8B830521}.Ad-Hoc|Any CPU.ActiveCfg = Release|Any CPU
		{61ABCC46-648A-4440-9404-575B8B830521}.Ad-Hoc|Any CPU.Build.0 = Release|Any CPU
		{61ABCC46-648A-4440-9404-575B8B830521}.Ad-Hoc|iPhone.ActiveCfg = Release|Any CPU
		{61ABCC46-648A-4440-9404-575B8B830521}.Ad-Hoc|iPhone.Build.0 = Release|Any CPU
		{61ABCC46-648A-4440-9404-575B8B830521}.Ad-Hoc|iPhoneSimulator.ActiveCfg = Release|Any CPU
		{61ABCC46-648A-4440-9404-575B8B830521}.Ad-Hoc|iPhoneSimulator.Build.0 = Release|Any CPU
		{61ABCC46-648A-4440-9404-575B8B830521}.AppStore|Any CPU.ActiveCfg = Release|Any CPU
		{61ABCC46-648A-4440-9404-575B8B830521}.AppStore|Any CPU.Build.0 = Release|Any CPU
		{61ABCC46-648A-4440-9404-575B8B830521}.AppStore|iPhone.ActiveCfg = Release|Any CPU
		{61ABCC46-648A-4440-9404-575B8B830521}.AppStore|iPhone.Build.0 = Release|Any CPU
		{61ABCC46-648A-4440-9404-575B8B830521}.AppStore|iPhoneSimulator.ActiveCfg = Release|Any CPU
		{61ABCC46-648A-4440-9404-575B8B830521}.AppStore|iPhoneSimulator.Build.0 = Release|Any CPU
		{61ABCC46-648A-4440-9404-575B8B830521}.Debug|Any CPU.ActiveCfg = Debug|Any CPU
		{61ABCC46-648A-4440-9404-575B8B830521}.Debug|Any CPU.Build.0 = Debug|Any CPU
		{61ABCC46-648A-4440-9404-575B8B830521}.Debug|iPhone.ActiveCfg = Debug|Any CPU
		{61ABCC46-648A-4440-9404-575B8B830521}.Debug|iPhone.Build.0 = Debug|Any CPU
		{61ABCC46-648A-4440-9404-575B8B830521}.Debug|iPhoneSimulator.ActiveCfg = Debug|Any CPU
		{61ABCC46-648A-4440-9404-575B8B830521}.Debug|iPhoneSimulator.Build.0 = Debug|Any CPU
		{61ABCC46-648A-4440-9404-575B8B830521}.Release|Any CPU.ActiveCfg = Release|Any CPU
		{61ABCC46-648A-4440-9404-575B8B830521}.Release|Any CPU.Build.0 = Release|Any CPU
		{61ABCC46-648A-4440-9404-575B8B830521}.Release|iPhone.ActiveCfg = Release|Any CPU
		{61ABCC46-648A-4440-9404-575B8B830521}.Release|iPhone.Build.0 = Release|Any CPU
		{61ABCC46-648A-4440-9404-575B8B830521}.Release|iPhoneSimulator.ActiveCfg = Release|Any CPU
		{61ABCC46-648A-4440-9404-575B8B830521}.Release|iPhoneSimulator.Build.0 = Release|Any CPU
		{3AB7457B-3C5C-443E-BB0F-555C832F72FD}.Ad-Hoc|Any CPU.ActiveCfg = Release|Any CPU
		{3AB7457B-3C5C-443E-BB0F-555C832F72FD}.Ad-Hoc|Any CPU.Build.0 = Release|Any CPU
		{3AB7457B-3C5C-443E-BB0F-555C832F72FD}.Ad-Hoc|iPhone.ActiveCfg = Release|Any CPU
		{3AB7457B-3C5C-443E-BB0F-555C832F72FD}.Ad-Hoc|iPhone.Build.0 = Release|Any CPU
		{3AB7457B-3C5C-443E-BB0F-555C832F72FD}.Ad-Hoc|iPhoneSimulator.ActiveCfg = Release|Any CPU
		{3AB7457B-3C5C-443E-BB0F-555C832F72FD}.Ad-Hoc|iPhoneSimulator.Build.0 = Release|Any CPU
		{3AB7457B-3C5C-443E-BB0F-555C832F72FD}.AppStore|Any CPU.ActiveCfg = Release|Any CPU
		{3AB7457B-3C5C-443E-BB0F-555C832F72FD}.AppStore|Any CPU.Build.0 = Release|Any CPU
		{3AB7457B-3C5C-443E-BB0F-555C832F72FD}.AppStore|iPhone.ActiveCfg = Release|Any CPU
		{3AB7457B-3C5C-443E-BB0F-555C832F72FD}.AppStore|iPhone.Build.0 = Release|Any CPU
		{3AB7457B-3C5C-443E-BB0F-555C832F72FD}.AppStore|iPhoneSimulator.ActiveCfg = Release|Any CPU
		{3AB7457B-3C5C-443E-BB0F-555C832F72FD}.AppStore|iPhoneSimulator.Build.0 = Release|Any CPU
		{3AB7457B-3C5C-443E-BB0F-555C832F72FD}.Debug|Any CPU.ActiveCfg = Debug|Any CPU
		{3AB7457B-3C5C-443E-BB0F-555C832F72FD}.Debug|Any CPU.Build.0 = Debug|Any CPU
		{3AB7457B-3C5C-443E-BB0F-555C832F72FD}.Debug|iPhone.ActiveCfg = Debug|Any CPU
		{3AB7457B-3C5C-443E-BB0F-555C832F72FD}.Debug|iPhone.Build.0 = Debug|Any CPU
		{3AB7457B-3C5C-443E-BB0F-555C832F72FD}.Debug|iPhoneSimulator.ActiveCfg = Debug|Any CPU
		{3AB7457B-3C5C-443E-BB0F-555C832F72FD}.Debug|iPhoneSimulator.Build.0 = Debug|Any CPU
		{3AB7457B-3C5C-443E-BB0F-555C832F72FD}.Release|Any CPU.ActiveCfg = Release|Any CPU
		{3AB7457B-3C5C-443E-BB0F-555C832F72FD}.Release|Any CPU.Build.0 = Release|Any CPU
		{3AB7457B-3C5C-443E-BB0F-555C832F72FD}.Release|iPhone.ActiveCfg = Release|Any CPU
		{3AB7457B-3C5C-443E-BB0F-555C832F72FD}.Release|iPhone.Build.0 = Release|Any CPU
		{3AB7457B-3C5C-443E-BB0F-555C832F72FD}.Release|iPhoneSimulator.ActiveCfg = Release|Any CPU
		{3AB7457B-3C5C-443E-BB0F-555C832F72FD}.Release|iPhoneSimulator.Build.0 = Release|Any CPU
		{81092A14-4A31-4D1B-A2C0-E42E49FDA836}.Ad-Hoc|Any CPU.ActiveCfg = Release|Any CPU
		{81092A14-4A31-4D1B-A2C0-E42E49FDA836}.Ad-Hoc|Any CPU.Build.0 = Release|Any CPU
		{81092A14-4A31-4D1B-A2C0-E42E49FDA836}.Ad-Hoc|iPhone.ActiveCfg = Release|Any CPU
		{81092A14-4A31-4D1B-A2C0-E42E49FDA836}.Ad-Hoc|iPhone.Build.0 = Release|Any CPU
		{81092A14-4A31-4D1B-A2C0-E42E49FDA836}.Ad-Hoc|iPhoneSimulator.ActiveCfg = Release|Any CPU
		{81092A14-4A31-4D1B-A2C0-E42E49FDA836}.Ad-Hoc|iPhoneSimulator.Build.0 = Release|Any CPU
		{81092A14-4A31-4D1B-A2C0-E42E49FDA836}.AppStore|Any CPU.ActiveCfg = Release|Any CPU
		{81092A14-4A31-4D1B-A2C0-E42E49FDA836}.AppStore|Any CPU.Build.0 = Release|Any CPU
		{81092A14-4A31-4D1B-A2C0-E42E49FDA836}.AppStore|iPhone.ActiveCfg = Release|Any CPU
		{81092A14-4A31-4D1B-A2C0-E42E49FDA836}.AppStore|iPhone.Build.0 = Release|Any CPU
		{81092A14-4A31-4D1B-A2C0-E42E49FDA836}.AppStore|iPhoneSimulator.ActiveCfg = Release|Any CPU
		{81092A14-4A31-4D1B-A2C0-E42E49FDA836}.AppStore|iPhoneSimulator.Build.0 = Release|Any CPU
		{81092A14-4A31-4D1B-A2C0-E42E49FDA836}.Debug|Any CPU.ActiveCfg = Debug|Any CPU
		{81092A14-4A31-4D1B-A2C0-E42E49FDA836}.Debug|Any CPU.Build.0 = Debug|Any CPU
		{81092A14-4A31-4D1B-A2C0-E42E49FDA836}.Debug|iPhone.ActiveCfg = Debug|Any CPU
		{81092A14-4A31-4D1B-A2C0-E42E49FDA836}.Debug|iPhone.Build.0 = Debug|Any CPU
		{81092A14-4A31-4D1B-A2C0-E42E49FDA836}.Debug|iPhoneSimulator.ActiveCfg = Debug|Any CPU
		{81092A14-4A31-4D1B-A2C0-E42E49FDA836}.Debug|iPhoneSimulator.Build.0 = Debug|Any CPU
		{81092A14-4A31-4D1B-A2C0-E42E49FDA836}.Release|Any CPU.ActiveCfg = Release|Any CPU
		{81092A14-4A31-4D1B-A2C0-E42E49FDA836}.Release|Any CPU.Build.0 = Release|Any CPU
		{81092A14-4A31-4D1B-A2C0-E42E49FDA836}.Release|iPhone.ActiveCfg = Release|Any CPU
		{81092A14-4A31-4D1B-A2C0-E42E49FDA836}.Release|iPhone.Build.0 = Release|Any CPU
		{81092A14-4A31-4D1B-A2C0-E42E49FDA836}.Release|iPhoneSimulator.ActiveCfg = Release|Any CPU
		{81092A14-4A31-4D1B-A2C0-E42E49FDA836}.Release|iPhoneSimulator.Build.0 = Release|Any CPU
	EndGlobalSection
	GlobalSection(SolutionProperties) = preSolution
		HideSolutionNode = FALSE
	EndGlobalSection
EndGlobal
